// !$*UTF8*$!
{
	archiveVersion = 1;
	classes = {
	};
	objectVersion = 46;
	objects = {

/* Begin PBXBuildFile section */
		7F6FC27A1A184688005C29C8 /* DummyFirstLevelXML.xml in Resources */ = {isa = PBXBuildFile; fileRef = 7F6FC2791A184688005C29C8 /* DummyFirstLevelXML.xml */; };
		7FA7CA051A10153500DEE3E0 /* AppDelegate.swift in Sources */ = {isa = PBXBuildFile; fileRef = 7FA7CA041A10153500DEE3E0 /* AppDelegate.swift */; };
		7FA7CA071A10153500DEE3E0 /* ViewController.swift in Sources */ = {isa = PBXBuildFile; fileRef = 7FA7CA061A10153500DEE3E0 /* ViewController.swift */; };
		7FA7CA0A1A10153500DEE3E0 /* Main.storyboard in Resources */ = {isa = PBXBuildFile; fileRef = 7FA7CA081A10153500DEE3E0 /* Main.storyboard */; };
		7FA7CA0C1A10153500DEE3E0 /* Images.xcassets in Resources */ = {isa = PBXBuildFile; fileRef = 7FA7CA0B1A10153500DEE3E0 /* Images.xcassets */; };
		7FA7CA0F1A10153500DEE3E0 /* LaunchScreen.xib in Resources */ = {isa = PBXBuildFile; fileRef = 7FA7CA0D1A10153500DEE3E0 /* LaunchScreen.xib */; };
		7FA7CA291A1018F600DEE3E0 /* TMNetworkInterface.swift in Sources */ = {isa = PBXBuildFile; fileRef = 7FA7CA281A1018F600DEE3E0 /* TMNetworkInterface.swift */; };
		7FD7C2121A22987A00A62847 /* DummySecondLevelXML1.xml in Resources */ = {isa = PBXBuildFile; fileRef = 7FD7C2111A22987A00A62847 /* DummySecondLevelXML1.xml */; };
		7FE68E571A54C27800869C53 /* TMTopicTableViewController.swift in Sources */ = {isa = PBXBuildFile; fileRef = 7FE68E561A54C27800869C53 /* TMTopicTableViewController.swift */; };
		7FEB45491A532F420036B9C1 /* DummyFirstLevelPList.plist in Resources */ = {isa = PBXBuildFile; fileRef = 7FEB45481A532F420036B9C1 /* DummyFirstLevelPList.plist */; };
		7FEB454B1A5330B60036B9C1 /* DummySecondLevelPList.plist in Resources */ = {isa = PBXBuildFile; fileRef = 7FEB454A1A5330B60036B9C1 /* DummySecondLevelPList.plist */; };
		7FEB454E1A5375030036B9C1 /* StorageInterface.swift in Sources */ = {isa = PBXBuildFile; fileRef = 7FEB454D1A5375030036B9C1 /* StorageInterface.swift */; };
		7FEB45511A5375330036B9C1 /* storage.xcdatamodeld in Sources */ = {isa = PBXBuildFile; fileRef = 7FEB454F1A5375330036B9C1 /* storage.xcdatamodeld */; };
		7FEB455B1A537E180036B9C1 /* BatchTopics.swift in Sources */ = {isa = PBXBuildFile; fileRef = 7FEB455A1A537E180036B9C1 /* BatchTopics.swift */; };
		7FEB455D1A537E180036B9C1 /* BatchDate.swift in Sources */ = {isa = PBXBuildFile; fileRef = 7FEB455C1A537E180036B9C1 /* BatchDate.swift */; };
		7FEB455F1A537E180036B9C1 /* TopicSource.swift in Sources */ = {isa = PBXBuildFile; fileRef = 7FEB455E1A537E180036B9C1 /* TopicSource.swift */; };
		7FEB45611A537E190036B9C1 /* TopicCategories.swift in Sources */ = {isa = PBXBuildFile; fileRef = 7FEB45601A537E190036B9C1 /* TopicCategories.swift */; };
		7FEB45651A5382040036B9C1 /* CoreData.framework in Frameworks */ = {isa = PBXBuildFile; fileRef = 7FEB45641A5382040036B9C1 /* CoreData.framework */; };
/* End PBXBuildFile section */

/* Begin PBXContainerItemProxy section */
		7FA7CA151A10153500DEE3E0 /* PBXContainerItemProxy */ = {
			isa = PBXContainerItemProxy;
			containerPortal = 7FA7C9F71A10153500DEE3E0 /* Project object */;
			proxyType = 1;
			remoteGlobalIDString = 7FA7C9FE1A10153500DEE3E0;
			remoteInfo = TMTopic;
		};
/* End PBXContainerItemProxy section */

/* Begin PBXFileReference section */
		7F6FC2791A184688005C29C8 /* DummyFirstLevelXML.xml */ = {isa = PBXFileReference; fileEncoding = 4; lastKnownFileType = text.xml; path = DummyFirstLevelXML.xml; sourceTree = "<group>"; };
		7FA7C9FF1A10153500DEE3E0 /* TMTopic.app */ = {isa = PBXFileReference; explicitFileType = wrapper.application; includeInIndex = 0; path = TMTopic.app; sourceTree = BUILT_PRODUCTS_DIR; };
		7FA7CA031A10153500DEE3E0 /* Info.plist */ = {isa = PBXFileReference; lastKnownFileType = text.plist.xml; path = Info.plist; sourceTree = "<group>"; };
		7FA7CA041A10153500DEE3E0 /* AppDelegate.swift */ = {isa = PBXFileReference; lastKnownFileType = sourcecode.swift; path = AppDelegate.swift; sourceTree = "<group>"; };
		7FA7CA061A10153500DEE3E0 /* ViewController.swift */ = {isa = PBXFileReference; lastKnownFileType = sourcecode.swift; path = ViewController.swift; sourceTree = "<group>"; };
		7FA7CA091A10153500DEE3E0 /* Base */ = {isa = PBXFileReference; lastKnownFileType = file.storyboard; name = Base; path = Base.lproj/Main.storyboard; sourceTree = "<group>"; };
		7FA7CA0B1A10153500DEE3E0 /* Images.xcassets */ = {isa = PBXFileReference; lastKnownFileType = folder.assetcatalog; path = Images.xcassets; sourceTree = "<group>"; };
		7FA7CA0E1A10153500DEE3E0 /* Base */ = {isa = PBXFileReference; lastKnownFileType = file.xib; name = Base; path = Base.lproj/LaunchScreen.xib; sourceTree = "<group>"; };
		7FA7CA141A10153500DEE3E0 /* TMTopicTests.xctest */ = {isa = PBXFileReference; explicitFileType = wrapper.cfbundle; includeInIndex = 0; path = TMTopicTests.xctest; sourceTree = BUILT_PRODUCTS_DIR; };
		7FA7CA191A10153500DEE3E0 /* Info.plist */ = {isa = PBXFileReference; lastKnownFileType = text.plist.xml; path = Info.plist; sourceTree = "<group>"; };
		7FA7CA241A10186400DEE3E0 /* TMTopicTests-Bridging-Header.h */ = {isa = PBXFileReference; lastKnownFileType = sourcecode.c.h; path = "TMTopicTests-Bridging-Header.h"; sourceTree = "<group>"; };
		7FA7CA251A10186500DEE3E0 /* TMNetworkInterfaceTest.swift */ = {isa = PBXFileReference; fileEncoding = 4; lastKnownFileType = sourcecode.swift; path = TMNetworkInterfaceTest.swift; sourceTree = "<group>"; };
		7FA7CA281A1018F600DEE3E0 /* TMNetworkInterface.swift */ = {isa = PBXFileReference; fileEncoding = 4; lastKnownFileType = sourcecode.swift; path = TMNetworkInterface.swift; sourceTree = "<group>"; };
		7FD7C2111A22987A00A62847 /* DummySecondLevelXML1.xml */ = {isa = PBXFileReference; fileEncoding = 4; lastKnownFileType = text.xml; path = DummySecondLevelXML1.xml; sourceTree = "<group>"; xcLanguageSpecificationIdentifier = xcode.lang.xml; };
		7FE68E561A54C27800869C53 /* TMTopicTableViewController.swift */ = {isa = PBXFileReference; fileEncoding = 4; lastKnownFileType = sourcecode.swift; path = TMTopicTableViewController.swift; sourceTree = "<group>"; };
		7FEB45481A532F420036B9C1 /* DummyFirstLevelPList.plist */ = {isa = PBXFileReference; fileEncoding = 4; lastKnownFileType = text.plist.xml; path = DummyFirstLevelPList.plist; sourceTree = "<group>"; };
		7FEB454A1A5330B60036B9C1 /* DummySecondLevelPList.plist */ = {isa = PBXFileReference; fileEncoding = 4; lastKnownFileType = text.plist.xml; path = DummySecondLevelPList.plist; sourceTree = "<group>"; };
		7FEB454D1A5375030036B9C1 /* StorageInterface.swift */ = {isa = PBXFileReference; fileEncoding = 4; lastKnownFileType = sourcecode.swift; path = StorageInterface.swift; sourceTree = "<group>"; };
		7FEB45501A5375330036B9C1 /* storage.xcdatamodel */ = {isa = PBXFileReference; lastKnownFileType = wrapper.xcdatamodel; path = storage.xcdatamodel; sourceTree = "<group>"; };
		7FEB455A1A537E180036B9C1 /* BatchTopics.swift */ = {isa = PBXFileReference; fileEncoding = 4; lastKnownFileType = sourcecode.swift; path = BatchTopics.swift; sourceTree = "<group>"; };
		7FEB455C1A537E180036B9C1 /* BatchDate.swift */ = {isa = PBXFileReference; fileEncoding = 4; lastKnownFileType = sourcecode.swift; path = BatchDate.swift; sourceTree = "<group>"; };
		7FEB455E1A537E180036B9C1 /* TopicSource.swift */ = {isa = PBXFileReference; fileEncoding = 4; lastKnownFileType = sourcecode.swift; path = TopicSource.swift; sourceTree = "<group>"; };
		7FEB45601A537E190036B9C1 /* TopicCategories.swift */ = {isa = PBXFileReference; fileEncoding = 4; lastKnownFileType = sourcecode.swift; path = TopicCategories.swift; sourceTree = "<group>"; };
		7FEB45631A537EFC0036B9C1 /* TMTopic-Bridging-Header.h */ = {isa = PBXFileReference; fileEncoding = 4; lastKnownFileType = sourcecode.c.h; path = "TMTopic-Bridging-Header.h"; sourceTree = "<group>"; };
		7FEB45641A5382040036B9C1 /* CoreData.framework */ = {isa = PBXFileReference; lastKnownFileType = wrapper.framework; name = CoreData.framework; path = System/Library/Frameworks/CoreData.framework; sourceTree = SDKROOT; };
/* End PBXFileReference section */

/* Begin PBXFrameworksBuildPhase section */
		7FA7C9FC1A10153500DEE3E0 /* Frameworks */ = {
			isa = PBXFrameworksBuildPhase;
			buildActionMask = 2147483647;
			files = (
				7FEB45651A5382040036B9C1 /* CoreData.framework in Frameworks */,
			);
			runOnlyForDeploymentPostprocessing = 0;
		};
		7FA7CA111A10153500DEE3E0 /* Frameworks */ = {
			isa = PBXFrameworksBuildPhase;
			buildActionMask = 2147483647;
			files = (
			);
			runOnlyForDeploymentPostprocessing = 0;
		};
/* End PBXFrameworksBuildPhase section */

/* Begin PBXGroup section */
		7F6FC2781A184650005C29C8 /* DummyFiles */ = {
			isa = PBXGroup;
			children = (
				7F6FC2791A184688005C29C8 /* DummyFirstLevelXML.xml */,
				7FD7C2111A22987A00A62847 /* DummySecondLevelXML1.xml */,
				7FEB45481A532F420036B9C1 /* DummyFirstLevelPList.plist */,
				7FEB454A1A5330B60036B9C1 /* DummySecondLevelPList.plist */,
			);
			name = DummyFiles;
			sourceTree = "<group>";
		};
		7FA7C9F61A10153500DEE3E0 = {
			isa = PBXGroup;
			children = (
				7FEB45641A5382040036B9C1 /* CoreData.framework */,
				7FA7CA011A10153500DEE3E0 /* TMTopic */,
				7FA7CA171A10153500DEE3E0 /* TMTopicTests */,
				7FA7CA001A10153500DEE3E0 /* Products */,
			);
			sourceTree = "<group>";
		};
		7FA7CA001A10153500DEE3E0 /* Products */ = {
			isa = PBXGroup;
			children = (
				7FA7C9FF1A10153500DEE3E0 /* TMTopic.app */,
				7FA7CA141A10153500DEE3E0 /* TMTopicTests.xctest */,
			);
			name = Products;
			sourceTree = "<group>";
		};
		7FA7CA011A10153500DEE3E0 /* TMTopic */ = {
			isa = PBXGroup;
			children = (
				7FEB454C1A53748D0036B9C1 /* Model */,
				7FA7CA271A1018C000DEE3E0 /* Network */,
				7FA7CA041A10153500DEE3E0 /* AppDelegate.swift */,
				7FA7CA061A10153500DEE3E0 /* ViewController.swift */,
				7FA7CA081A10153500DEE3E0 /* Main.storyboard */,
				7FE68E561A54C27800869C53 /* TMTopicTableViewController.swift */,
				7FA7CA0B1A10153500DEE3E0 /* Images.xcassets */,
				7FA7CA0D1A10153500DEE3E0 /* LaunchScreen.xib */,
				7FA7CA021A10153500DEE3E0 /* Supporting Files */,
			);
			path = TMTopic;
			sourceTree = "<group>";
		};
		7FA7CA021A10153500DEE3E0 /* Supporting Files */ = {
			isa = PBXGroup;
			children = (
				7FA7CA031A10153500DEE3E0 /* Info.plist */,
			);
			name = "Supporting Files";
			sourceTree = "<group>";
		};
		7FA7CA171A10153500DEE3E0 /* TMTopicTests */ = {
			isa = PBXGroup;
			children = (
				7F6FC2781A184650005C29C8 /* DummyFiles */,
				7FA7CA181A10153500DEE3E0 /* Supporting Files */,
				7FA7CA251A10186500DEE3E0 /* TMNetworkInterfaceTest.swift */,
				7FA7CA241A10186400DEE3E0 /* TMTopicTests-Bridging-Header.h */,
			);
			path = TMTopicTests;
			sourceTree = "<group>";
		};
		7FA7CA181A10153500DEE3E0 /* Supporting Files */ = {
			isa = PBXGroup;
			children = (
				7FA7CA191A10153500DEE3E0 /* Info.plist */,
			);
			name = "Supporting Files";
			sourceTree = "<group>";
		};
		7FA7CA271A1018C000DEE3E0 /* Network */ = {
			isa = PBXGroup;
			children = (
				7FA7CA281A1018F600DEE3E0 /* TMNetworkInterface.swift */,
			);
			name = Network;
			sourceTree = "<group>";
		};
		7FEB454C1A53748D0036B9C1 /* Model */ = {
			isa = PBXGroup;
			children = (
				7FEB45621A537E360036B9C1 /* Core Data */,
				7FEB454D1A5375030036B9C1 /* StorageInterface.swift */,
				7FEB45631A537EFC0036B9C1 /* TMTopic-Bridging-Header.h */,
			);
			name = Model;
			sourceTree = "<group>";
		};
		7FEB45621A537E360036B9C1 /* Core Data */ = {
			isa = PBXGroup;
			children = (
				7FEB45601A537E190036B9C1 /* TopicCategories.swift */,
				7FEB455E1A537E180036B9C1 /* TopicSource.swift */,
				7FEB455C1A537E180036B9C1 /* BatchDate.swift */,
				7FEB455A1A537E180036B9C1 /* BatchTopics.swift */,
				7FEB454F1A5375330036B9C1 /* storage.xcdatamodeld */,
			);
			name = "Core Data";
			sourceTree = "<group>";
		};
/* End PBXGroup section */

/* Begin PBXNativeTarget section */
		7FA7C9FE1A10153500DEE3E0 /* TMTopic */ = {
			isa = PBXNativeTarget;
			buildConfigurationList = 7FA7CA1E1A10153500DEE3E0 /* Build configuration list for PBXNativeTarget "TMTopic" */;
			buildPhases = (
				7FA7C9FB1A10153500DEE3E0 /* Sources */,
				7FA7C9FC1A10153500DEE3E0 /* Frameworks */,
				7FA7C9FD1A10153500DEE3E0 /* Resources */,
			);
			buildRules = (
			);
			dependencies = (
			);
			name = TMTopic;
			productName = TMTopic;
			productReference = 7FA7C9FF1A10153500DEE3E0 /* TMTopic.app */;
			productType = "com.apple.product-type.application";
		};
		7FA7CA131A10153500DEE3E0 /* TMTopicTests */ = {
			isa = PBXNativeTarget;
			buildConfigurationList = 7FA7CA211A10153500DEE3E0 /* Build configuration list for PBXNativeTarget "TMTopicTests" */;
			buildPhases = (
				7FA7CA101A10153500DEE3E0 /* Sources */,
				7FA7CA111A10153500DEE3E0 /* Frameworks */,
				7FA7CA121A10153500DEE3E0 /* Resources */,
			);
			buildRules = (
			);
			dependencies = (
				7FA7CA161A10153500DEE3E0 /* PBXTargetDependency */,
			);
			name = TMTopicTests;
			productName = TMTopicTests;
			productReference = 7FA7CA141A10153500DEE3E0 /* TMTopicTests.xctest */;
			productType = "com.apple.product-type.bundle.unit-test";
		};
/* End PBXNativeTarget section */

/* Begin PBXProject section */
		7FA7C9F71A10153500DEE3E0 /* Project object */ = {
			isa = PBXProject;
			attributes = {
				LastUpgradeCheck = 0610;
				ORGANIZATIONNAME = dnthome;
				TargetAttributes = {
					7FA7C9FE1A10153500DEE3E0 = {
						CreatedOnToolsVersion = 6.1;
						DevelopmentTeam = SX585CK9M9;
					};
					7FA7CA131A10153500DEE3E0 = {
						CreatedOnToolsVersion = 6.1;
						TestTargetID = 7FA7C9FE1A10153500DEE3E0;
					};
				};
			};
			buildConfigurationList = 7FA7C9FA1A10153500DEE3E0 /* Build configuration list for PBXProject "TMTopic" */;
			compatibilityVersion = "Xcode 3.2";
			developmentRegion = English;
			hasScannedForEncodings = 0;
			knownRegions = (
				en,
				Base,
			);
			mainGroup = 7FA7C9F61A10153500DEE3E0;
			productRefGroup = 7FA7CA001A10153500DEE3E0 /* Products */;
			projectDirPath = "";
			projectRoot = "";
			targets = (
				7FA7C9FE1A10153500DEE3E0 /* TMTopic */,
				7FA7CA131A10153500DEE3E0 /* TMTopicTests */,
			);
		};
/* End PBXProject section */

/* Begin PBXResourcesBuildPhase section */
		7FA7C9FD1A10153500DEE3E0 /* Resources */ = {
			isa = PBXResourcesBuildPhase;
			buildActionMask = 2147483647;
			files = (
				7FA7CA0A1A10153500DEE3E0 /* Main.storyboard in Resources */,
				7FA7CA0F1A10153500DEE3E0 /* LaunchScreen.xib in Resources */,
				7FA7CA0C1A10153500DEE3E0 /* Images.xcassets in Resources */,
			);
			runOnlyForDeploymentPostprocessing = 0;
		};
		7FA7CA121A10153500DEE3E0 /* Resources */ = {
			isa = PBXResourcesBuildPhase;
			buildActionMask = 2147483647;
			files = (
				7FEB45491A532F420036B9C1 /* DummyFirstLevelPList.plist in Resources */,
				7FEB454B1A5330B60036B9C1 /* DummySecondLevelPList.plist in Resources */,
				7FD7C2121A22987A00A62847 /* DummySecondLevelXML1.xml in Resources */,
				7F6FC27A1A184688005C29C8 /* DummyFirstLevelXML.xml in Resources */,
			);
			runOnlyForDeploymentPostprocessing = 0;
		};
/* End PBXResourcesBuildPhase section */

/* Begin PBXSourcesBuildPhase section */
		7FA7C9FB1A10153500DEE3E0 /* Sources */ = {
			isa = PBXSourcesBuildPhase;
			buildActionMask = 2147483647;
			files = (
				7FEB455D1A537E180036B9C1 /* BatchDate.swift in Sources */,
				7FEB455B1A537E180036B9C1 /* BatchTopics.swift in Sources */,
				7FA7CA291A1018F600DEE3E0 /* TMNetworkInterface.swift in Sources */,
				7FEB45611A537E190036B9C1 /* TopicCategories.swift in Sources */,
				7FA7CA071A10153500DEE3E0 /* ViewController.swift in Sources */,
				7FEB455F1A537E180036B9C1 /* TopicSource.swift in Sources */,
				7FE68E571A54C27800869C53 /* TMTopicTableViewController.swift in Sources */,
				7FA7CA051A10153500DEE3E0 /* AppDelegate.swift in Sources */,
				7FEB45511A5375330036B9C1 /* storage.xcdatamodeld in Sources */,
				7FEB454E1A5375030036B9C1 /* StorageInterface.swift in Sources */,
			);
			runOnlyForDeploymentPostprocessing = 0;
		};
		7FA7CA101A10153500DEE3E0 /* Sources */ = {
			isa = PBXSourcesBuildPhase;
			buildActionMask = 2147483647;
			files = (
			);
			runOnlyForDeploymentPostprocessing = 0;
		};
/* End PBXSourcesBuildPhase section */

/* Begin PBXTargetDependency section */
		7FA7CA161A10153500DEE3E0 /* PBXTargetDependency */ = {
			isa = PBXTargetDependency;
			target = 7FA7C9FE1A10153500DEE3E0 /* TMTopic */;
			targetProxy = 7FA7CA151A10153500DEE3E0 /* PBXContainerItemProxy */;
		};
/* End PBXTargetDependency section */

/* Begin PBXVariantGroup section */
		7FA7CA081A10153500DEE3E0 /* Main.storyboard */ = {
			isa = PBXVariantGroup;
			children = (
				7FA7CA091A10153500DEE3E0 /* Base */,
			);
			name = Main.storyboard;
			sourceTree = "<group>";
		};
		7FA7CA0D1A10153500DEE3E0 /* LaunchScreen.xib */ = {
			isa = PBXVariantGroup;
			children = (
				7FA7CA0E1A10153500DEE3E0 /* Base */,
			);
			name = LaunchScreen.xib;
			sourceTree = "<group>";
		};
/* End PBXVariantGroup section */

/* Begin XCBuildConfiguration section */
		7FA7CA1C1A10153500DEE3E0 /* Debug */ = {
			isa = XCBuildConfiguration;
			buildSettings = {
				ALWAYS_SEARCH_USER_PATHS = NO;
				CLANG_CXX_LANGUAGE_STANDARD = "gnu++0x";
				CLANG_CXX_LIBRARY = "libc++";
				CLANG_ENABLE_MODULES = YES;
				CLANG_ENABLE_OBJC_ARC = YES;
				CLANG_WARN_BOOL_CONVERSION = YES;
				CLANG_WARN_CONSTANT_CONVERSION = YES;
				CLANG_WARN_DIRECT_OBJC_ISA_USAGE = YES_ERROR;
				CLANG_WARN_EMPTY_BODY = YES;
				CLANG_WARN_ENUM_CONVERSION = YES;
				CLANG_WARN_INT_CONVERSION = YES;
				CLANG_WARN_OBJC_ROOT_CLASS = YES_ERROR;
				CLANG_WARN_UNREACHABLE_CODE = YES;
				CLANG_WARN__DUPLICATE_METHOD_MATCH = YES;
				"CODE_SIGN_IDENTITY[sdk=iphoneos*]" = "iPhone Developer";
				COPY_PHASE_STRIP = NO;
				ENABLE_STRICT_OBJC_MSGSEND = YES;
				GCC_C_LANGUAGE_STANDARD = gnu99;
				GCC_DYNAMIC_NO_PIC = NO;
				GCC_OPTIMIZATION_LEVEL = 0;
				GCC_PREPROCESSOR_DEFINITIONS = (
					"DEBUG=1",
					"$(inherited)",
				);
				GCC_SYMBOLS_PRIVATE_EXTERN = NO;
				GCC_WARN_64_TO_32_BIT_CONVERSION = YES;
				GCC_WARN_ABOUT_RETURN_TYPE = YES_ERROR;
				GCC_WARN_UNDECLARED_SELECTOR = YES;
				GCC_WARN_UNINITIALIZED_AUTOS = YES_AGGRESSIVE;
				GCC_WARN_UNUSED_FUNCTION = YES;
				GCC_WARN_UNUSED_VARIABLE = YES;
				IPHONEOS_DEPLOYMENT_TARGET = 8.1;
				MTL_ENABLE_DEBUG_INFO = YES;
				ONLY_ACTIVE_ARCH = YES;
				SDKROOT = iphoneos;
				SWIFT_OPTIMIZATION_LEVEL = "-Onone";
			};
			name = Debug;
		};
		7FA7CA1D1A10153500DEE3E0 /* Release */ = {
			isa = XCBuildConfiguration;
			buildSettings = {
				ALWAYS_SEARCH_USER_PATHS = NO;
				CLANG_CXX_LANGUAGE_STANDARD = "gnu++0x";
				CLANG_CXX_LIBRARY = "libc++";
				CLANG_ENABLE_MODULES = YES;
				CLANG_ENABLE_OBJC_ARC = YES;
				CLANG_WARN_BOOL_CONVERSION = YES;
				CLANG_WARN_CONSTANT_CONVERSION = YES;
				CLANG_WARN_DIRECT_OBJC_ISA_USAGE = YES_ERROR;
				CLANG_WARN_EMPTY_BODY = YES;
				CLANG_WARN_ENUM_CONVERSION = YES;
				CLANG_WARN_INT_CONVERSION = YES;
				CLANG_WARN_OBJC_ROOT_CLASS = YES_ERROR;
				CLANG_WARN_UNREACHABLE_CODE = YES;
				CLANG_WARN__DUPLICATE_METHOD_MATCH = YES;
				"CODE_SIGN_IDENTITY[sdk=iphoneos*]" = "iPhone Developer";
				COPY_PHASE_STRIP = YES;
				ENABLE_NS_ASSERTIONS = NO;
				ENABLE_STRICT_OBJC_MSGSEND = YES;
				GCC_C_LANGUAGE_STANDARD = gnu99;
				GCC_WARN_64_TO_32_BIT_CONVERSION = YES;
				GCC_WARN_ABOUT_RETURN_TYPE = YES_ERROR;
				GCC_WARN_UNDECLARED_SELECTOR = YES;
				GCC_WARN_UNINITIALIZED_AUTOS = YES_AGGRESSIVE;
				GCC_WARN_UNUSED_FUNCTION = YES;
				GCC_WARN_UNUSED_VARIABLE = YES;
				IPHONEOS_DEPLOYMENT_TARGET = 8.1;
				MTL_ENABLE_DEBUG_INFO = NO;
				SDKROOT = iphoneos;
				VALIDATE_PRODUCT = YES;
			};
			name = Release;
		};
		7FA7CA1F1A10153500DEE3E0 /* Debug */ = {
			isa = XCBuildConfiguration;
			buildSettings = {
				ALWAYS_SEARCH_USER_PATHS = YES;
				ASSETCATALOG_COMPILER_APPICON_NAME = AppIcon;
				CLANG_ENABLE_MODULES = YES;
				INFOPLIST_FILE = TMTopic/Info.plist;
				LD_RUNPATH_SEARCH_PATHS = "$(inherited) @executable_path/Frameworks";
				PRODUCT_NAME = "$(TARGET_NAME)";
				SWIFT_OBJC_BRIDGING_HEADER = "TMTopic/TMTopic-Bridging-Header.h";
				SWIFT_OPTIMIZATION_LEVEL = "-Onone";
			};
			name = Debug;
		};
		7FA7CA201A10153500DEE3E0 /* Release */ = {
			isa = XCBuildConfiguration;
			buildSettings = {
				ALWAYS_SEARCH_USER_PATHS = YES;
				ASSETCATALOG_COMPILER_APPICON_NAME = AppIcon;
				CLANG_ENABLE_MODULES = YES;
				INFOPLIST_FILE = TMTopic/Info.plist;
				LD_RUNPATH_SEARCH_PATHS = "$(inherited) @executable_path/Frameworks";
				PRODUCT_NAME = "$(TARGET_NAME)";
				SWIFT_OBJC_BRIDGING_HEADER = "TMTopic/TMTopic-Bridging-Header.h";
			};
			name = Release;
		};
		7FA7CA221A10153500DEE3E0 /* Debug */ = {
			isa = XCBuildConfiguration;
			buildSettings = {
				BUNDLE_LOADER = "$(TEST_HOST)";
				CLANG_ENABLE_MODULES = YES;
				FRAMEWORK_SEARCH_PATHS = (
					"$(SDKROOT)/Developer/Library/Frameworks",
					"$(inherited)",
				);
				GCC_PREPROCESSOR_DEFINITIONS = (
					"DEBUG=1",
					"$(inherited)",
				);
				INFOPLIST_FILE = TMTopicTests/Info.plist;
				LD_RUNPATH_SEARCH_PATHS = "$(inherited) @executable_path/Frameworks @loader_path/Frameworks";
				PRODUCT_NAME = "$(TARGET_NAME)";
				SWIFT_OBJC_BRIDGING_HEADER = "TMTopicTests/TMTopicTests-Bridging-Header.h";
				SWIFT_OPTIMIZATION_LEVEL = "-Onone";
				TEST_HOST = "$(BUILT_PRODUCTS_DIR)/TMTopic.app/TMTopic";
			};
			name = Debug;
		};
		7FA7CA231A10153500DEE3E0 /* Release */ = {
			isa = XCBuildConfiguration;
			buildSettings = {
				BUNDLE_LOADER = "$(TEST_HOST)";
				CLANG_ENABLE_MODULES = YES;
				FRAMEWORK_SEARCH_PATHS = (
					"$(SDKROOT)/Developer/Library/Frameworks",
					"$(inherited)",
				);
				INFOPLIST_FILE = TMTopicTests/Info.plist;
				LD_RUNPATH_SEARCH_PATHS = "$(inherited) @executable_path/Frameworks @loader_path/Frameworks";
				PRODUCT_NAME = "$(TARGET_NAME)";
				SWIFT_OBJC_BRIDGING_HEADER = "TMTopicTests/TMTopicTests-Bridging-Header.h";
				TEST_HOST = "$(BUILT_PRODUCTS_DIR)/TMTopic.app/TMTopic";
			};
			name = Release;
		};
/* End XCBuildConfiguration section */

/* Begin XCConfigurationList section */
		7FA7C9FA1A10153500DEE3E0 /* Build configuration list for PBXProject "TMTopic" */ = {
			isa = XCConfigurationList;
			buildConfigurations = (
				7FA7CA1C1A10153500DEE3E0 /* Debug */,
				7FA7CA1D1A10153500DEE3E0 /* Release */,
			);
			defaultConfigurationIsVisible = 0;
			defaultConfigurationName = Release;
		};
		7FA7CA1E1A10153500DEE3E0 /* Build configuration list for PBXNativeTarget "TMTopic" */ = {
			isa = XCConfigurationList;
			buildConfigurations = (
				7FA7CA1F1A10153500DEE3E0 /* Debug */,
				7FA7CA201A10153500DEE3E0 /* Release */,
			);
			defaultConfigurationIsVisible = 0;
			defaultConfigurationName = Release;
		};
		7FA7CA211A10153500DEE3E0 /* Build configuration list for PBXNativeTarget "TMTopicTests" */ = {
			isa = XCConfigurationList;
			buildConfigurations = (
				7FA7CA221A10153500DEE3E0 /* Debug */,
				7FA7CA231A10153500DEE3E0 /* Release */,
			);
			defaultConfigurationIsVisible = 0;
			defaultConfigurationName = Release;
		};
/* End XCConfigurationList section */

/* Begin XCVersionGroup section */
		7FEB454F1A5375330036B9C1 /* storage.xcdatamodeld */ = {
			isa = XCVersionGroup;
			children = (
				7FEB45501A5375330036B9C1 /* storage.xcdatamodel */,
			);
			currentVersion = 7FEB45501A5375330036B9C1 /* storage.xcdatamodel */;
			path = storage.xcdatamodeld;
			sourceTree = "<group>";
			versionGroupType = wrapper.xcdatamodel;
		};
/* End XCVersionGroup section */
	};
	rootObject = 7FA7C9F71A10153500DEE3E0 /* Project object */;
}
